// !$*UTF8*$!
{
	archiveVersion = 1;
	classes = {
	};
	objectVersion = 50;
	objects = {

/* Begin PBXBuildFile section */
		B67CD14D20FFD02B00BF010F /* AppDelegate.swift in Sources */ = {isa = PBXBuildFile; fileRef = B67CD14C20FFD02B00BF010F /* AppDelegate.swift */; };
		B67CD15220FFD02B00BF010F /* Main.storyboard in Resources */ = {isa = PBXBuildFile; fileRef = B67CD15020FFD02B00BF010F /* Main.storyboard */; };
		B67CD15420FFD02D00BF010F /* Assets.xcassets in Resources */ = {isa = PBXBuildFile; fileRef = B67CD15320FFD02D00BF010F /* Assets.xcassets */; };
		B67CD15720FFD02D00BF010F /* LaunchScreen.storyboard in Resources */ = {isa = PBXBuildFile; fileRef = B67CD15520FFD02D00BF010F /* LaunchScreen.storyboard */; };
		B67CD16520FFD0BB00BF010F /* Post.swift in Sources */ = {isa = PBXBuildFile; fileRef = B67CD16420FFD0BB00BF010F /* Post.swift */; };
		B67CD16720FFD0E800BF010F /* PostController.swift in Sources */ = {isa = PBXBuildFile; fileRef = B67CD16620FFD0E800BF010F /* PostController.swift */; };
		B67CD16920FFD4BA00BF010F /* ReasonTableViewController.swift in Sources */ = {isa = PBXBuildFile; fileRef = B67CD16820FFD4BA00BF010F /* ReasonTableViewController.swift */; };
		B67CD16B20FFD67F00BF010F /* PostTableViewCell.swift in Sources */ = {isa = PBXBuildFile; fileRef = B67CD16A20FFD67F00BF010F /* PostTableViewCell.swift */; };
/* End PBXBuildFile section */

/* Begin PBXFileReference section */
		B67CD14920FFD02B00BF010F /* whyiOS.app */ = {isa = PBXFileReference; explicitFileType = wrapper.application; includeInIndex = 0; path = whyiOS.app; sourceTree = BUILT_PRODUCTS_DIR; };
		B67CD14C20FFD02B00BF010F /* AppDelegate.swift */ = {isa = PBXFileReference; lastKnownFileType = sourcecode.swift; path = AppDelegate.swift; sourceTree = "<group>"; };
		B67CD15120FFD02B00BF010F /* Base */ = {isa = PBXFileReference; lastKnownFileType = file.storyboard; name = Base; path = Base.lproj/Main.storyboard; sourceTree = "<group>"; };
		B67CD15320FFD02D00BF010F /* Assets.xcassets */ = {isa = PBXFileReference; lastKnownFileType = folder.assetcatalog; path = Assets.xcassets; sourceTree = "<group>"; };
		B67CD15620FFD02D00BF010F /* Base */ = {isa = PBXFileReference; lastKnownFileType = file.storyboard; name = Base; path = Base.lproj/LaunchScreen.storyboard; sourceTree = "<group>"; };
		B67CD15820FFD02D00BF010F /* Info.plist */ = {isa = PBXFileReference; lastKnownFileType = text.plist.xml; path = Info.plist; sourceTree = "<group>"; };
		B67CD16420FFD0BB00BF010F /* Post.swift */ = {isa = PBXFileReference; lastKnownFileType = sourcecode.swift; path = Post.swift; sourceTree = "<group>"; };
		B67CD16620FFD0E800BF010F /* PostController.swift */ = {isa = PBXFileReference; lastKnownFileType = sourcecode.swift; path = PostController.swift; sourceTree = "<group>"; };
		B67CD16820FFD4BA00BF010F /* ReasonTableViewController.swift */ = {isa = PBXFileReference; lastKnownFileType = sourcecode.swift; path = ReasonTableViewController.swift; sourceTree = "<group>"; };
		B67CD16A20FFD67F00BF010F /* PostTableViewCell.swift */ = {isa = PBXFileReference; lastKnownFileType = sourcecode.swift; path = PostTableViewCell.swift; sourceTree = "<group>"; };
/* End PBXFileReference section */

/* Begin PBXFrameworksBuildPhase section */
		B67CD14620FFD02B00BF010F /* Frameworks */ = {
			isa = PBXFrameworksBuildPhase;
			buildActionMask = 2147483647;
			files = (
			);
			runOnlyForDeploymentPostprocessing = 0;
		};
/* End PBXFrameworksBuildPhase section */

/* Begin PBXGroup section */
		B67CD14020FFD02B00BF010F = {
			isa = PBXGroup;
			children = (
				B67CD14B20FFD02B00BF010F /* whyiOS */,
				B67CD14A20FFD02B00BF010F /* Products */,
			);
			sourceTree = "<group>";
		};
		B67CD14A20FFD02B00BF010F /* Products */ = {
			isa = PBXGroup;
			children = (
				B67CD14920FFD02B00BF010F /* whyiOS.app */,
			);
			name = Products;
			sourceTree = "<group>";
		};
		B67CD14B20FFD02B00BF010F /* whyiOS */ = {
			isa = PBXGroup;
			children = (
				B67CD16220FFD07300BF010F /* Models */,
				B67CD16120FFD06F00BF010F /* Views */,
				B67CD15E20FFD05400BF010F /* Controllers */,
				B67CD16320FFD08200BF010F /* Resources */,
			);
			path = whyiOS;
			sourceTree = "<group>";
		};
		B67CD15E20FFD05400BF010F /* Controllers */ = {
			isa = PBXGroup;
			children = (
				B67CD16020FFD06800BF010F /* ModelControllers */,
				B67CD15F20FFD06300BF010F /* ViewControllers */,
			);
			path = Controllers;
			sourceTree = "<group>";
		};
		B67CD15F20FFD06300BF010F /* ViewControllers */ = {
			isa = PBXGroup;
			children = (
				B67CD16820FFD4BA00BF010F /* ReasonTableViewController.swift */,
			);
			path = ViewControllers;
			sourceTree = "<group>";
		};
		B67CD16020FFD06800BF010F /* ModelControllers */ = {
			isa = PBXGroup;
			children = (
				B67CD16620FFD0E800BF010F /* PostController.swift */,
			);
			path = ModelControllers;
			sourceTree = "<group>";
		};
		B67CD16120FFD06F00BF010F /* Views */ = {
			isa = PBXGroup;
			children = (
				B67CD15020FFD02B00BF010F /* Main.storyboard */,
				B67CD16A20FFD67F00BF010F /* PostTableViewCell.swift */,
			);
			path = Views;
			sourceTree = "<group>";
		};
		B67CD16220FFD07300BF010F /* Models */ = {
			isa = PBXGroup;
			children = (
				B67CD16420FFD0BB00BF010F /* Post.swift */,
			);
			path = Models;
			sourceTree = "<group>";
		};
		B67CD16320FFD08200BF010F /* Resources */ = {
			isa = PBXGroup;
			children = (
				B67CD14C20FFD02B00BF010F /* AppDelegate.swift */,
				B67CD15320FFD02D00BF010F /* Assets.xcassets */,
				B67CD15520FFD02D00BF010F /* LaunchScreen.storyboard */,
				B67CD15820FFD02D00BF010F /* Info.plist */,
			);
			path = Resources;
			sourceTree = "<group>";
		};
/* End PBXGroup section */

/* Begin PBXNativeTarget section */
		B67CD14820FFD02B00BF010F /* whyiOS */ = {
			isa = PBXNativeTarget;
			buildConfigurationList = B67CD15B20FFD02D00BF010F /* Build configuration list for PBXNativeTarget "whyiOS" */;
			buildPhases = (
				B67CD14520FFD02B00BF010F /* Sources */,
				B67CD14620FFD02B00BF010F /* Frameworks */,
				B67CD14720FFD02B00BF010F /* Resources */,
			);
			buildRules = (
			);
			dependencies = (
			);
			name = whyiOS;
			productName = whyiOS;
			productReference = B67CD14920FFD02B00BF010F /* whyiOS.app */;
			productType = "com.apple.product-type.application";
		};
/* End PBXNativeTarget section */

/* Begin PBXProject section */
		B67CD14120FFD02B00BF010F /* Project object */ = {
			isa = PBXProject;
			attributes = {
				LastSwiftUpdateCheck = 0940;
				LastUpgradeCheck = 0940;
				ORGANIZATIONNAME = "Zachary Frew";
				TargetAttributes = {
					B67CD14820FFD02B00BF010F = {
						CreatedOnToolsVersion = 9.4.1;
					};
				};
			};
			buildConfigurationList = B67CD14420FFD02B00BF010F /* Build configuration list for PBXProject "whyiOS" */;
			compatibilityVersion = "Xcode 9.3";
			developmentRegion = en;
			hasScannedForEncodings = 0;
			knownRegions = (
				en,
				Base,
			);
			mainGroup = B67CD14020FFD02B00BF010F;
			productRefGroup = B67CD14A20FFD02B00BF010F /* Products */;
			projectDirPath = "";
			projectRoot = "";
			targets = (
				B67CD14820FFD02B00BF010F /* whyiOS */,
			);
		};
/* End PBXProject section */

/* Begin PBXResourcesBuildPhase section */
		B67CD14720FFD02B00BF010F /* Resources */ = {
			isa = PBXResourcesBuildPhase;
			buildActionMask = 2147483647;
			files = (
				B67CD15720FFD02D00BF010F /* LaunchScreen.storyboard in Resources */,
				B67CD15420FFD02D00BF010F /* Assets.xcassets in Resources */,
				B67CD15220FFD02B00BF010F /* Main.storyboard in Resources */,
			);
			runOnlyForDeploymentPostprocessing = 0;
		};
/* End PBXResourcesBuildPhase section */

/* Begin PBXSourcesBuildPhase section */
		B67CD14520FFD02B00BF010F /* Sources */ = {
			isa = PBXSourcesBuildPhase;
			buildActionMask = 2147483647;
			files = (
				B67CD14D20FFD02B00BF010F /* AppDelegate.swift in Sources */,
				B67CD16920FFD4BA00BF010F /* ReasonTableViewController.swift in Sources */,
				B67CD16B20FFD67F00BF010F /* PostTableViewCell.swift in Sources */,
				B67CD16520FFD0BB00BF010F /* Post.swift in Sources */,
				B67CD16720FFD0E800BF010F /* PostController.swift in Sources */,
			);
			runOnlyForDeploymentPostprocessing = 0;
		};
/* End PBXSourcesBuildPhase section */

/* Begin PBXVariantGroup section */
		B67CD15020FFD02B00BF010F /* Main.storyboard */ = {
			isa = PBXVariantGroup;
			children = (
				B67CD15120FFD02B00BF010F /* Base */,
			);
			name = Main.storyboard;
			sourceTree = "<group>";
		};
		B67CD15520FFD02D00BF010F /* LaunchScreen.storyboard */ = {
			isa = PBXVariantGroup;
			children = (
				B67CD15620FFD02D00BF010F /* Base */,
			);
			name = LaunchScreen.storyboard;
			sourceTree = "<group>";
		};
/* End PBXVariantGroup section */

/* Begin XCBuildConfiguration section */
		B67CD15920FFD02D00BF010F /* Debug */ = {
			isa = XCBuildConfiguration;
			buildSettings = {
				ALWAYS_SEARCH_USER_PATHS = NO;
				CLANG_ANALYZER_NONNULL = YES;
				CLANG_ANALYZER_NUMBER_OBJECT_CONVERSION = YES_AGGRESSIVE;
				CLANG_CXX_LANGUAGE_STANDARD = "gnu++14";
				CLANG_CXX_LIBRARY = "libc++";
				CLANG_ENABLE_MODULES = YES;
				CLANG_ENABLE_OBJC_ARC = YES;
				CLANG_ENABLE_OBJC_WEAK = YES;
				CLANG_WARN_BLOCK_CAPTURE_AUTORELEASING = YES;
				CLANG_WARN_BOOL_CONVERSION = YES;
				CLANG_WARN_COMMA = YES;
				CLANG_WARN_CONSTANT_CONVERSION = YES;
				CLANG_WARN_DEPRECATED_OBJC_IMPLEMENTATIONS = YES;
				CLANG_WARN_DIRECT_OBJC_ISA_USAGE = YES_ERROR;
				CLANG_WARN_DOCUMENTATION_COMMENTS = YES;
				CLANG_WARN_EMPTY_BODY = YES;
				CLANG_WARN_ENUM_CONVERSION = YES;
				CLANG_WARN_INFINITE_RECURSION = YES;
				CLANG_WARN_INT_CONVERSION = YES;
				CLANG_WARN_NON_LITERAL_NULL_CONVERSION = YES;
				CLANG_WARN_OBJC_IMPLICIT_RETAIN_SELF = YES;
				CLANG_WARN_OBJC_LITERAL_CONVERSION = YES;
				CLANG_WARN_OBJC_ROOT_CLASS = YES_ERROR;
				CLANG_WARN_RANGE_LOOP_ANALYSIS = YES;
				CLANG_WARN_STRICT_PROTOTYPES = YES;
				CLANG_WARN_SUSPICIOUS_MOVE = YES;
				CLANG_WARN_UNGUARDED_AVAILABILITY = YES_AGGRESSIVE;
				CLANG_WARN_UNREACHABLE_CODE = YES;
				CLANG_WARN__DUPLICATE_METHOD_MATCH = YES;
				CODE_SIGN_IDENTITY = "iPhone Developer";
				COPY_PHASE_STRIP = NO;
				DEBUG_INFORMATION_FORMAT = dwarf;
				ENABLE_STRICT_OBJC_MSGSEND = YES;
				ENABLE_TESTABILITY = YES;
				GCC_C_LANGUAGE_STANDARD = gnu11;
				GCC_DYNAMIC_NO_PIC = NO;
				GCC_NO_COMMON_BLOCKS = YES;
				GCC_OPTIMIZATION_LEVEL = 0;
				GCC_PREPROCESSOR_DEFINITIONS = (
					"DEBUG=1",
					"$(inherited)",
				);
				GCC_WARN_64_TO_32_BIT_CONVERSION = YES;
				GCC_WARN_ABOUT_RETURN_TYPE = YES_ERROR;
				GCC_WARN_UNDECLARED_SELECTOR = YES;
				GCC_WARN_UNINITIALIZED_AUTOS = YES_AGGRESSIVE;
				GCC_WARN_UNUSED_FUNCTION = YES;
				GCC_WARN_UNUSED_VARIABLE = YES;
				IPHONEOS_DEPLOYMENT_TARGET = 11.4;
				MTL_ENABLE_DEBUG_INFO = YES;
				ONLY_ACTIVE_ARCH = YES;
				SDKROOT = iphoneos;
				SWIFT_ACTIVE_COMPILATION_CONDITIONS = DEBUG;
				SWIFT_OPTIMIZATION_LEVEL = "-Onone";
			};
			name = Debug;
		};
		B67CD15A20FFD02D00BF010F /* Release */ = {
			isa = XCBuildConfiguration;
			buildSettings = {
				ALWAYS_SEARCH_USER_PATHS = NO;
				CLANG_ANALYZER_NONNULL = YES;
				CLANG_ANALYZER_NUMBER_OBJECT_CONVERSION = YES_AGGRESSIVE;
				CLANG_CXX_LANGUAGE_STANDARD = "gnu++14";
				CLANG_CXX_LIBRARY = "libc++";
				CLANG_ENABLE_MODULES = YES;
				CLANG_ENABLE_OBJC_ARC = YES;
				CLANG_ENABLE_OBJC_WEAK = YES;
				CLANG_WARN_BLOCK_CAPTURE_AUTORELEASING = YES;
				CLANG_WARN_BOOL_CONVERSION = YES;
				CLANG_WARN_COMMA = YES;
				CLANG_WARN_CONSTANT_CONVERSION = YES;
				CLANG_WARN_DEPRECATED_OBJC_IMPLEMENTATIONS = YES;
				CLANG_WARN_DIRECT_OBJC_ISA_USAGE = YES_ERROR;
				CLANG_WARN_DOCUMENTATION_COMMENTS = YES;
				CLANG_WARN_EMPTY_BODY = YES;
				CLANG_WARN_ENUM_CONVERSION = YES;
				CLANG_WARN_INFINITE_RECURSION = YES;
				CLANG_WARN_INT_CONVERSION = YES;
				CLANG_WARN_NON_LITERAL_NULL_CONVERSION = YES;
				CLANG_WARN_OBJC_IMPLICIT_RETAIN_SELF = YES;
				CLANG_WARN_OBJC_LITERAL_CONVERSION = YES;
				CLANG_WARN_OBJC_ROOT_CLASS = YES_ERROR;
				CLANG_WARN_RANGE_LOOP_ANALYSIS = YES;
				CLANG_WARN_STRICT_PROTOTYPES = YES;
				CLANG_WARN_SUSPICIOUS_MOVE = YES;
				CLANG_WARN_UNGUARDED_AVAILABILITY = YES_AGGRESSIVE;
				CLANG_WARN_UNREACHABLE_CODE = YES;
				CLANG_WARN__DUPLICATE_METHOD_MATCH = YES;
				CODE_SIGN_IDENTITY = "iPhone Developer";
				COPY_PHASE_STRIP = NO;
				DEBUG_INFORMATION_FORMAT = "dwarf-with-dsym";
				ENABLE_NS_ASSERTIONS = NO;
				ENABLE_STRICT_OBJC_MSGSEND = YES;
				GCC_C_LANGUAGE_STANDARD = gnu11;
				GCC_NO_COMMON_BLOCKS = YES;
				GCC_WARN_64_TO_32_BIT_CONVERSION = YES;
				GCC_WARN_ABOUT_RETURN_TYPE = YES_ERROR;
				GCC_WARN_UNDECLARED_SELECTOR = YES;
				GCC_WARN_UNINITIALIZED_AUTOS = YES_AGGRESSIVE;
				GCC_WARN_UNUSED_FUNCTION = YES;
				GCC_WARN_UNUSED_VARIABLE = YES;
				IPHONEOS_DEPLOYMENT_TARGET = 11.4;
				MTL_ENABLE_DEBUG_INFO = NO;
				SDKROOT = iphoneos;
				SWIFT_COMPILATION_MODE = wholemodule;
				SWIFT_OPTIMIZATION_LEVEL = "-O";
				VALIDATE_PRODUCT = YES;
			};
			name = Release;
		};
		B67CD15C20FFD02D00BF010F /* Debug */ = {
			isa = XCBuildConfiguration;
			buildSettings = {
				ASSETCATALOG_COMPILER_APPICON_NAME = AppIcon;
				CODE_SIGN_STYLE = Automatic;
				DEVELOPMENT_TEAM = PKK87S6JNY;
				INFOPLIST_FILE = "$(SRCROOT)/whyiOS/Resources/Info.plist";
				LD_RUNPATH_SEARCH_PATHS = (
					"$(inherited)",
					"@executable_path/Frameworks",
				);
				PRODUCT_BUNDLE_IDENTIFIER = com.zachfrew.whyiOS;
				PRODUCT_NAME = "$(TARGET_NAME)";
				SWIFT_VERSION = 4.0;
				TARGETED_DEVICE_FAMILY = "1,2";
			};
			name = Debug;
		};
		B67CD15D20FFD02D00BF010F /* Release */ = {
			isa = XCBuildConfiguration;
			buildSettings = {
				ASSETCATALOG_COMPILER_APPICON_NAME = AppIcon;
				CODE_SIGN_STYLE = Automatic;
				DEVELOPMENT_TEAM = PKK87S6JNY;
				INFOPLIST_FILE = "$(SRCROOT)/whyiOS/Resources/Info.plist";
				LD_RUNPATH_SEARCH_PATHS = (
					"$(inherited)",
					"@executable_path/Frameworks",
				);
				PRODUCT_BUNDLE_IDENTIFIER = com.zachfrew.whyiOS;
				PRODUCT_NAME = "$(TARGET_NAME)";
				SWIFT_VERSION = 4.0;
				TARGETED_DEVICE_FAMILY = "1,2";
			};
			name = Release;
		};
/* End XCBuildConfiguration section */

/* Begin XCConfigurationList section */
		B67CD14420FFD02B00BF010F /* Build configuration list for PBXProject "whyiOS" */ = {
			isa = XCConfigurationList;
			buildConfigurations = (
				B67CD15920FFD02D00BF010F /* Debug */,
				B67CD15A20FFD02D00BF010F /* Release */,
			);
			defaultConfigurationIsVisible = 0;
			defaultConfigurationName = Release;
		};
		B67CD15B20FFD02D00BF010F /* Build configuration list for PBXNativeTarget "whyiOS" */ = {
			isa = XCConfigurationList;
			buildConfigurations = (
				B67CD15C20FFD02D00BF010F /* Debug */,
				B67CD15D20FFD02D00BF010F /* Release */,
			);
			defaultConfigurationIsVisible = 0;
			defaultConfigurationName = Release;
		};
/* End XCConfigurationList section */
	};
	rootObject = B67CD14120FFD02B00BF010F /* Project object */;
}
